# This file is automatically @generated by Cargo.
# It is not intended for manual editing.
version = 3

[[package]]
name = "blitzkrieg"
version = "0.1.8"
source = "registry+https://github.com/rust-lang/crates.io-index"
checksum = "ce32013f0aa88082b7f4b67409ff9a34ca34c5be9a5970692beba2375931a008"

[[package]]
name = "kvDB"
version = "0.1.0"
dependencies = [
 "blitzkrieg",
]
